
Microsoft Visual Studio Solution File, Format Version 12.00
Project("{2150E333-8FDC-42A3-9474-1A3956D46DE8}") = "src", "src", "{3C0088CC-72FF-4E55-8B5B-EBB0566A6907}"
	ProjectSection(SolutionItems) = preProject
		src\.gitignore = src\.gitignore
	EndProjectSection
EndProject
Project("{2150E333-8FDC-42A3-9474-1A3956D46DE8}") = "tests", "tests", "{DBCD1CFA-ADBE-4402-A75F-9D8537BEAFB0}"
EndProject
Project("{FAE04EC0-301F-11D3-BF4B-00C04F79EFBC}") = "OKR.API", "src\OKR.API\OKR.API.csproj", "{66983BB7-0014-4612-8517-DCE6D497EA71}"
EndProject
Project("{FAE04EC0-301F-11D3-BF4B-00C04F79EFBC}") = "OKR.Application", "src\OKR.Application\OKR.Application.csproj", "{F7BA7E03-11F0-492E-BF9B-17EDB8246BED}"
EndProject
Project("{FAE04EC0-301F-11D3-BF4B-00C04F79EFBC}") = "OKR.Communication", "src\OKR.Communication\OKR.Communication.csproj", "{0CBCA689-E69D-4C0C-8622-2FBC4BECBAC8}"
EndProject
Project("{FAE04EC0-301F-11D3-BF4B-00C04F79EFBC}") = "OKR.Exception", "src\OKR.Exception\OKR.Exception.csproj", "{32CF2650-BA97-438D-A8F5-27F24A896B91}"
EndProject
Project("{FAE04EC0-301F-11D3-BF4B-00C04F79EFBC}") = "OKR.Domain", "src\OKR.Domain\OKR.Domain.csproj", "{E4B16210-AAD7-44D1-A765-8895D192DBF6}"
EndProject
Project("{FAE04EC0-301F-11D3-BF4B-00C04F79EFBC}") = "OKR.Infrastructure", "src\OKR.Infrastructure\OKR.Infrastructure.csproj", "{D2BBE7E2-BA98-4E62-A840-E1548753ED58}"
EndProject
Global
	GlobalSection(SolutionConfigurationPlatforms) = preSolution
		Debug|Any CPU = Debug|Any CPU
		Release|Any CPU = Release|Any CPU
	EndGlobalSection
	GlobalSection(NestedProjects) = preSolution
		{66983BB7-0014-4612-8517-DCE6D497EA71} = {3C0088CC-72FF-4E55-8B5B-EBB0566A6907}
		{F7BA7E03-11F0-492E-BF9B-17EDB8246BED} = {3C0088CC-72FF-4E55-8B5B-EBB0566A6907}
		{0CBCA689-E69D-4C0C-8622-2FBC4BECBAC8} = {3C0088CC-72FF-4E55-8B5B-EBB0566A6907}
		{32CF2650-BA97-438D-A8F5-27F24A896B91} = {3C0088CC-72FF-4E55-8B5B-EBB0566A6907}
		{E4B16210-AAD7-44D1-A765-8895D192DBF6} = {3C0088CC-72FF-4E55-8B5B-EBB0566A6907}
		{D2BBE7E2-BA98-4E62-A840-E1548753ED58} = {3C0088CC-72FF-4E55-8B5B-EBB0566A6907}
	EndGlobalSection
	GlobalSection(ProjectConfigurationPlatforms) = postSolution
		{66983BB7-0014-4612-8517-DCE6D497EA71}.Debug|Any CPU.ActiveCfg = Debug|Any CPU
		{66983BB7-0014-4612-8517-DCE6D497EA71}.Debug|Any CPU.Build.0 = Debug|Any CPU
		{66983BB7-0014-4612-8517-DCE6D497EA71}.Release|Any CPU.ActiveCfg = Release|Any CPU
		{66983BB7-0014-4612-8517-DCE6D497EA71}.Release|Any CPU.Build.0 = Release|Any CPU
		{F7BA7E03-11F0-492E-BF9B-17EDB8246BED}.Debug|Any CPU.ActiveCfg = Debug|Any CPU
		{F7BA7E03-11F0-492E-BF9B-17EDB8246BED}.Debug|Any CPU.Build.0 = Debug|Any CPU
		{F7BA7E03-11F0-492E-BF9B-17EDB8246BED}.Release|Any CPU.ActiveCfg = Release|Any CPU
		{F7BA7E03-11F0-492E-BF9B-17EDB8246BED}.Release|Any CPU.Build.0 = Release|Any CPU
		{0CBCA689-E69D-4C0C-8622-2FBC4BECBAC8}.Debug|Any CPU.ActiveCfg = Debug|Any CPU
		{0CBCA689-E69D-4C0C-8622-2FBC4BECBAC8}.Debug|Any CPU.Build.0 = Debug|Any CPU
		{0CBCA689-E69D-4C0C-8622-2FBC4BECBAC8}.Release|Any CPU.ActiveCfg = Release|Any CPU
		{0CBCA689-E69D-4C0C-8622-2FBC4BECBAC8}.Release|Any CPU.Build.0 = Release|Any CPU
		{32CF2650-BA97-438D-A8F5-27F24A896B91}.Debug|Any CPU.ActiveCfg = Debug|Any CPU
		{32CF2650-BA97-438D-A8F5-27F24A896B91}.Debug|Any CPU.Build.0 = Debug|Any CPU
		{32CF2650-BA97-438D-A8F5-27F24A896B91}.Release|Any CPU.ActiveCfg = Release|Any CPU
		{32CF2650-BA97-438D-A8F5-27F24A896B91}.Release|Any CPU.Build.0 = Release|Any CPU
		{E4B16210-AAD7-44D1-A765-8895D192DBF6}.Debug|Any CPU.ActiveCfg = Debug|Any CPU
		{E4B16210-AAD7-44D1-A765-8895D192DBF6}.Debug|Any CPU.Build.0 = Debug|Any CPU
		{E4B16210-AAD7-44D1-A765-8895D192DBF6}.Release|Any CPU.ActiveCfg = Release|Any CPU
		{E4B16210-AAD7-44D1-A765-8895D192DBF6}.Release|Any CPU.Build.0 = Release|Any CPU
		{D2BBE7E2-BA98-4E62-A840-E1548753ED58}.Debug|Any CPU.ActiveCfg = Debug|Any CPU
		{D2BBE7E2-BA98-4E62-A840-E1548753ED58}.Debug|Any CPU.Build.0 = Debug|Any CPU
		{D2BBE7E2-BA98-4E62-A840-E1548753ED58}.Release|Any CPU.ActiveCfg = Release|Any CPU
		{D2BBE7E2-BA98-4E62-A840-E1548753ED58}.Release|Any CPU.Build.0 = Release|Any CPU
	EndGlobalSection
EndGlobal
